<Solution>
  <Folder Name="/Shared/">
    <Project Path="Shared/Database/Shared.Database.csproj" />
    <Project Path="Shared/Web/Shared.Web.csproj" />
    <Project Path="Shared/Authentication/Authentication.Contracts/Authentication.Contracts.csproj" />
    <Project Path="Shared/Authentication/Authentication.Domain/Authentication.Domain.csproj" />
    <Project Path="Shared/Authentication/Authentication.Application/Authentication.Application.csproj" />
    <Project Path="Shared/Authentication/Authentication.Infrastructure/Authentication.Infrastructure.csproj" />
    <Project Path="Shared/Authentication/Authentication.Presentation/Authentication.Presentation.csproj" />
    <Project Path="Shared/Authentication/Authentication.Tests/Authentication.Tests.csproj" />
  </Folder>
  <Folder Name="/Tenancy/">
    <Project Path="Modules/Tenancy/Tenancy.Contracts/Tenancy.Contracts.csproj" />
    <Project Path="Modules/Tenancy/Tenancy.Domain/Tenancy.Domain.csproj" />
    <Project Path="Modules/Tenancy/Tenancy.Application/Tenancy.Application.csproj" />
    <Project Path="Modules/Tenancy/Tenancy.Infrastructure/Tenancy.Infrastructure.csproj" />
    <Project Path="Modules/Tenancy/Tenancy.Presentation/Tenancy.Presentation.csproj" />
    <Project Path="Modules/Tenancy/Tenancy.Tests/Tenancy.Tests.csproj" />
  </Folder>
  <Folder Name="/Users/">
    <Project Path="Modules/Users/Users.Contracts/Users.Contracts.csproj" />
    <Project Path="Modules/Users/Users.Domain/Users.Domain.csproj" />
    <Project Path="Modules/Users/Users.Application/Users.Application.csproj" />
    <Project Path="Modules/Users/Users.Infrastructure/Users.Infrastructure.csproj" />
    <Project Path="Modules/Users/Users.Presentation/Users.Presentation.csproj" />
    <Project Path="Modules/Users/Users.Tests/Users.Tests.csproj" />
  </Folder>
  <Project Path="Common/Common/Common.csproj" />
  <Project Path="Host.Api/Host.Api.csproj" />
  <Project Path="Tests/Tests.csproj" />
</Solution>
